
Microsoft Visual Studio Solution File, Format Version 12.00
# Visual Studio Version 17
VisualStudioVersion = 17.11.35222.181
MinimumVisualStudioVersion = 10.0.40219.1
Project("{8BC9CEB8-8B4A-11D0-8D11-00A0C91BC942}") = "Lesson4-3", "Lesson4-3.vcxproj", "{2379438D-ACE9-4006-A68C-7F23E80A51C8}"
EndProject
Global
	GlobalSection(SolutionConfigurationPlatforms) = preSolution
		Debug|x64 = Debug|x64
		Debug|x86 = Debug|x86
		Release|x64 = Release|x64
		Release|x86 = Release|x86
	EndGlobalSection
	GlobalSection(ProjectConfigurationPlatforms) = postSolution
		{2379438D-ACE9-4006-A68C-7F23E80A51C8}.Debug|x64.ActiveCfg = Debug|x64
		{2379438D-ACE9-4006-A68C-7F23E80A51C8}.Debug|x64.Build.0 = Debug|x64
		{2379438D-ACE9-4006-A68C-7F23E80A51C8}.Debug|x86.ActiveCfg = Debug|Win32
		{2379438D-ACE9-4006-A68C-7F23E80A51C8}.Debug|x86.Build.0 = Debug|Win32
		{2379438D-ACE9-4006-A68C-7F23E80A51C8}.Release|x64.ActiveCfg = Release|x64
		{2379438D-ACE9-4006-A68C-7F23E80A51C8}.Release|x64.Build.0 = Release|x64
		{2379438D-ACE9-4006-A68C-7F23E80A51C8}.Release|x86.ActiveCfg = Release|Win32
		{2379438D-ACE9-4006-A68C-7F23E80A51C8}.Release|x86.Build.0 = Release|Win32
	EndGlobalSection
	GlobalSection(SolutionProperties) = preSolution
		HideSolutionNode = FALSE
	EndGlobalSection
	GlobalSection(ExtensibilityGlobals) = postSolution
		SolutionGuid = {60699E83-CD76-4677-B7AE-D8C6540EA72D}
	EndGlobalSection
EndGlobal
