
Microsoft Visual Studio Solution File, Format Version 12.00
# Visual Studio Version 17
VisualStudioVersion = 17.11.35222.181
MinimumVisualStudioVersion = 10.0.40219.1
Project("{8BC9CEB8-8B4A-11D0-8D11-00A0C91BC942}") = "ConsoleApplication1", "ConsoleApplication1.vcxproj", "{348DEE08-3A99-4F3F-A2E3-3A3F9F53CB81}"
EndProject
Global
	GlobalSection(SolutionConfigurationPlatforms) = preSolution
		Debug|x64 = Debug|x64
		Debug|x86 = Debug|x86
		Release|x64 = Release|x64
		Release|x86 = Release|x86
	EndGlobalSection
	GlobalSection(ProjectConfigurationPlatforms) = postSolution
		{348DEE08-3A99-4F3F-A2E3-3A3F9F53CB81}.Debug|x64.ActiveCfg = Debug|x64
		{348DEE08-3A99-4F3F-A2E3-3A3F9F53CB81}.Debug|x64.Build.0 = Debug|x64
		{348DEE08-3A99-4F3F-A2E3-3A3F9F53CB81}.Debug|x86.ActiveCfg = Debug|Win32
		{348DEE08-3A99-4F3F-A2E3-3A3F9F53CB81}.Debug|x86.Build.0 = Debug|Win32
		{348DEE08-3A99-4F3F-A2E3-3A3F9F53CB81}.Release|x64.ActiveCfg = Release|x64
		{348DEE08-3A99-4F3F-A2E3-3A3F9F53CB81}.Release|x64.Build.0 = Release|x64
		{348DEE08-3A99-4F3F-A2E3-3A3F9F53CB81}.Release|x86.ActiveCfg = Release|Win32
		{348DEE08-3A99-4F3F-A2E3-3A3F9F53CB81}.Release|x86.Build.0 = Release|Win32
	EndGlobalSection
	GlobalSection(SolutionProperties) = preSolution
		HideSolutionNode = FALSE
	EndGlobalSection
	GlobalSection(ExtensibilityGlobals) = postSolution
		SolutionGuid = {B1C7CE85-D735-4945-A295-07EE25713C6C}
	EndGlobalSection
EndGlobal
